
Microsoft Visual Studio Solution File, Format Version 12.00
# Visual Studio Version 16
VisualStudioVersion = 16.0.30204.135
MinimumVisualStudioVersion = 10.0.40219.1
Project("{FAE04EC0-301F-11D3-BF4B-00C04F79EFBC}") = "eShopSolution.WebApp", "eShopSolution.WebApp\eShopSolution.WebApp.csproj", "{86A42050-F683-46E9-9AF0-2FDC36A38EF1}"
EndProject
Global
	GlobalSection(SolutionConfigurationPlatforms) = preSolution
		Debug|Any CPU = Debug|Any CPU
		Release|Any CPU = Release|Any CPU
	EndGlobalSection
	GlobalSection(ProjectConfigurationPlatforms) = postSolution
		{86A42050-F683-46E9-9AF0-2FDC36A38EF1}.Debug|Any CPU.ActiveCfg = Debug|Any CPU
		{86A42050-F683-46E9-9AF0-2FDC36A38EF1}.Debug|Any CPU.Build.0 = Debug|Any CPU
		{86A42050-F683-46E9-9AF0-2FDC36A38EF1}.Release|Any CPU.ActiveCfg = Release|Any CPU
		{86A42050-F683-46E9-9AF0-2FDC36A38EF1}.Release|Any CPU.Build.0 = Release|Any CPU
	EndGlobalSection
	GlobalSection(SolutionProperties) = preSolution
		HideSolutionNode = FALSE
	EndGlobalSection
	GlobalSection(ExtensibilityGlobals) = postSolution
		SolutionGuid = {519FB53D-D079-459B-AFA9-1A4D74FE4FE4}
	EndGlobalSection
EndGlobal
